
Microsoft Visual Studio Solution File, Format Version 12.00
# Visual Studio Version 17
VisualStudioVersion = 17.3.32804.467
MinimumVisualStudioVersion = 10.0.40219.1
Project("{2150E333-8FDC-42A3-9474-1A3956D46DE8}") = "src", "src", "{394CDEE8-75B5-4F58-80C8-3BDF65EF0C73}"
EndProject
Project("{2150E333-8FDC-42A3-9474-1A3956D46DE8}") = "test", "test", "{EEC5754E-3931-495A-80C2-4F8AF04CD746}"
EndProject
Project("{2150E333-8FDC-42A3-9474-1A3956D46DE8}") = "samples", "samples", "{AF427224-A96F-4488-A34C-3DDC76C56A16}"
EndProject
Project("{2150E333-8FDC-42A3-9474-1A3956D46DE8}") = "assets", "assets", "{E7BCCEB9-1BC8-4E54-ACD2-E92159039B2B}"
EndProject
Project("{9A19103F-16F7-4668-BE54-9A1E7A4F7556}") = "OrleanSpaces", "src\OrleanSpaces\OrleanSpaces.csproj", "{9CB8F7F8-68D5-40CF-8F98-54B78BD5E3F8}"
EndProject
Project("{9A19103F-16F7-4668-BE54-9A1E7A4F7556}") = "OrleanSpaces.Tests", "test\OrleanSpaces.Tests\OrleanSpaces.Tests.csproj", "{66DB980E-AF81-45EB-9C78-9FDAF1726578}"
EndProject
Project("{2150E333-8FDC-42A3-9474-1A3956D46DE8}") = "HelloWorld", "HelloWorld", "{C9CFADF4-0884-4BC9-9A1A-2664342D58DD}"
EndProject
Project("{FAE04EC0-301F-11D3-BF4B-00C04F79EFBC}") = "HelloWorld.Host", "samples\HelloWorld\HelloWorld.Host\HelloWorld.Host.csproj", "{F36128AD-E6C0-4AFE-BB95-EA1056D6092E}"
EndProject
Project("{FAE04EC0-301F-11D3-BF4B-00C04F79EFBC}") = "HelloWorld.Client", "samples\HelloWorld\HelloWorld.Client\HelloWorld.Client.csproj", "{8FEB8399-F0CA-4BB4-A439-FF88C0232494}"
EndProject
Global
	GlobalSection(SolutionConfigurationPlatforms) = preSolution
		Debug|Any CPU = Debug|Any CPU
		Release|Any CPU = Release|Any CPU
	EndGlobalSection
	GlobalSection(ProjectConfigurationPlatforms) = postSolution
		{9CB8F7F8-68D5-40CF-8F98-54B78BD5E3F8}.Debug|Any CPU.ActiveCfg = Debug|Any CPU
		{9CB8F7F8-68D5-40CF-8F98-54B78BD5E3F8}.Debug|Any CPU.Build.0 = Debug|Any CPU
		{9CB8F7F8-68D5-40CF-8F98-54B78BD5E3F8}.Release|Any CPU.ActiveCfg = Release|Any CPU
		{9CB8F7F8-68D5-40CF-8F98-54B78BD5E3F8}.Release|Any CPU.Build.0 = Release|Any CPU
		{66DB980E-AF81-45EB-9C78-9FDAF1726578}.Debug|Any CPU.ActiveCfg = Debug|Any CPU
		{66DB980E-AF81-45EB-9C78-9FDAF1726578}.Debug|Any CPU.Build.0 = Debug|Any CPU
		{66DB980E-AF81-45EB-9C78-9FDAF1726578}.Release|Any CPU.ActiveCfg = Release|Any CPU
		{66DB980E-AF81-45EB-9C78-9FDAF1726578}.Release|Any CPU.Build.0 = Release|Any CPU
		{F36128AD-E6C0-4AFE-BB95-EA1056D6092E}.Debug|Any CPU.ActiveCfg = Debug|Any CPU
		{F36128AD-E6C0-4AFE-BB95-EA1056D6092E}.Debug|Any CPU.Build.0 = Debug|Any CPU
		{F36128AD-E6C0-4AFE-BB95-EA1056D6092E}.Release|Any CPU.ActiveCfg = Release|Any CPU
		{F36128AD-E6C0-4AFE-BB95-EA1056D6092E}.Release|Any CPU.Build.0 = Release|Any CPU
		{8FEB8399-F0CA-4BB4-A439-FF88C0232494}.Debug|Any CPU.ActiveCfg = Debug|Any CPU
		{8FEB8399-F0CA-4BB4-A439-FF88C0232494}.Debug|Any CPU.Build.0 = Debug|Any CPU
		{8FEB8399-F0CA-4BB4-A439-FF88C0232494}.Release|Any CPU.ActiveCfg = Release|Any CPU
		{8FEB8399-F0CA-4BB4-A439-FF88C0232494}.Release|Any CPU.Build.0 = Release|Any CPU
	EndGlobalSection
	GlobalSection(SolutionProperties) = preSolution
		HideSolutionNode = FALSE
	EndGlobalSection
	GlobalSection(NestedProjects) = preSolution
		{9CB8F7F8-68D5-40CF-8F98-54B78BD5E3F8} = {394CDEE8-75B5-4F58-80C8-3BDF65EF0C73}
		{66DB980E-AF81-45EB-9C78-9FDAF1726578} = {EEC5754E-3931-495A-80C2-4F8AF04CD746}
		{C9CFADF4-0884-4BC9-9A1A-2664342D58DD} = {AF427224-A96F-4488-A34C-3DDC76C56A16}
		{F36128AD-E6C0-4AFE-BB95-EA1056D6092E} = {C9CFADF4-0884-4BC9-9A1A-2664342D58DD}
		{8FEB8399-F0CA-4BB4-A439-FF88C0232494} = {C9CFADF4-0884-4BC9-9A1A-2664342D58DD}
	EndGlobalSection
	GlobalSection(ExtensibilityGlobals) = postSolution
		SolutionGuid = {51F3D785-6674-42F7-A966-ECE43A673279}
	EndGlobalSection
EndGlobal
