
Microsoft Visual Studio Solution File, Format Version 12.00
# Visual Studio Version 17
VisualStudioVersion = 17.3.32804.467
MinimumVisualStudioVersion = 10.0.40219.1
Project("{2150E333-8FDC-42A3-9474-1A3956D46DE8}") = "src", "src", "{394CDEE8-75B5-4F58-80C8-3BDF65EF0C73}"
EndProject
Project("{2150E333-8FDC-42A3-9474-1A3956D46DE8}") = "samples", "samples", "{AF427224-A96F-4488-A34C-3DDC76C56A16}"
EndProject
Project("{9A19103F-16F7-4668-BE54-9A1E7A4F7556}") = "OrleanSpaces", "src\OrleanSpaces\OrleanSpaces.csproj", "{9CB8F7F8-68D5-40CF-8F98-54B78BD5E3F8}"
EndProject
Project("{9A19103F-16F7-4668-BE54-9A1E7A4F7556}") = "SpaceHost", "samples\SpaceHost\SpaceHost.csproj", "{9E47A1E0-67A1-4EF1-9DDF-19C2B08FEB56}"
EndProject
Project("{2150E333-8FDC-42A3-9474-1A3956D46DE8}") = "01_TupleSyntax", "01_TupleSyntax", "{AEA12275-4AE1-48DC-B546-CE44470D5C59}"
EndProject
Project("{2150E333-8FDC-42A3-9474-1A3956D46DE8}") = "02_HelloWorld", "02_HelloWorld", "{EF458F06-3F02-4256-A17C-4E0151DEC393}"
EndProject
Project("{9A19103F-16F7-4668-BE54-9A1E7A4F7556}") = "TupleSyntax", "samples\01_TupleSyntax\TupleSyntax.csproj", "{0CC954D0-3C54-4F1D-BD1D-8E69A41AC1BF}"
EndProject
Project("{9A19103F-16F7-4668-BE54-9A1E7A4F7556}") = "HelloWorld", "samples\02_HelloWorld\HelloWorld.csproj", "{C58E00F2-0847-4A25-8902-71BB2013CAE1}"
EndProject
Project("{2150E333-8FDC-42A3-9474-1A3956D46DE8}") = "05_Observer", "05_Observer", "{EFFB4115-D3FC-4D59-8DF9-0E7D7F43FE7E}"
EndProject
Project("{2150E333-8FDC-42A3-9474-1A3956D46DE8}") = "03_Concurrent", "03_Concurrent", "{117D44FA-814C-4F6B-A134-D947B68299DB}"
EndProject
Project("{9A19103F-16F7-4668-BE54-9A1E7A4F7556}") = "Concurrent", "samples\03_Concurrent\Concurrent.csproj", "{0DFDFFB5-DF8F-45D2-934E-0FF4C31106EC}"
EndProject
Project("{2150E333-8FDC-42A3-9474-1A3956D46DE8}") = "04_DelayedExec", "04_DelayedExec", "{2F3FB58F-A641-4101-A01A-E583E82D5E43}"
EndProject
Project("{9A19103F-16F7-4668-BE54-9A1E7A4F7556}") = "Peeker", "samples\04_DelayedExec\Peeker\Peeker.csproj", "{38F07834-554A-41F1-B3A1-5F2B9FB73642}"
EndProject
Project("{9A19103F-16F7-4668-BE54-9A1E7A4F7556}") = "Poper", "samples\04_DelayedExec\Poper\Poper.csproj", "{2F3FB981-200A-4753-8505-041C4889D615}"
EndProject
Project("{9A19103F-16F7-4668-BE54-9A1E7A4F7556}") = "Evaluator", "samples\04_DelayedExec\Evaluator\Evaluator.csproj", "{81857225-06BA-4144-B41B-11CEC16990AB}"
EndProject
Project("{9A19103F-16F7-4668-BE54-9A1E7A4F7556}") = "PingPong", "samples\05_Observer\PingPong.csproj", "{156D2628-1682-42A8-BFDB-8743A8EFCF81}"
EndProject
Project("{9A19103F-16F7-4668-BE54-9A1E7A4F7556}") = "OrleanSpaces.Tests", "src\OrleanSpaces.Tests\OrleanSpaces.Tests.csproj", "{B66F5329-4474-4466-9737-E2A33FDF7304}"
EndProject
Project("{9A19103F-16F7-4668-BE54-9A1E7A4F7556}") = "OrleanSpaces.Benchmarks", "src\OrleanSpaces.Benchmarks\OrleanSpaces.Benchmarks.csproj", "{7053BBC6-D157-4D7F-A648-60FA37C1D028}"
EndProject
Project("{2150E333-8FDC-42A3-9474-1A3956D46DE8}") = "06_PasswordSearch", "06_PasswordSearch", "{6586D390-BD38-44A9-9A37-5B634EFFDEDA}"
EndProject
Project("{9A19103F-16F7-4668-BE54-9A1E7A4F7556}") = "PasswordSearch", "samples\06_PasswordSearch\PasswordSearch.csproj", "{0AD51A36-4BF9-4BB6-BF92-F8F8077BB088}"
EndProject
Project("{9A19103F-16F7-4668-BE54-9A1E7A4F7556}") = "OrleanSpaces.Analyzers", "src\OrleanSpaces.Analyzers\OrleanSpaces.Analyzers\OrleanSpaces.Analyzers.csproj", "{C0246550-6E0A-461E-977D-728CC9ACFEA9}"
EndProject
Project("{9A19103F-16F7-4668-BE54-9A1E7A4F7556}") = "OrleanSpaces.Analyzers.CodeFixes", "src\OrleanSpaces.Analyzers\OrleanSpaces.Analyzers.CodeFixes\OrleanSpaces.Analyzers.CodeFixes.csproj", "{921503BF-E588-4246-AF08-681D0EFF3699}"
EndProject
Project("{9A19103F-16F7-4668-BE54-9A1E7A4F7556}") = "OrleanSpaces.Analyzers.Package", "src\OrleanSpaces.Analyzers\OrleanSpaces.Analyzers.Package\OrleanSpaces.Analyzers.Package.csproj", "{D2ACF8D9-1161-4FA0-A238-DE7DDF48144A}"
EndProject
Project("{9A19103F-16F7-4668-BE54-9A1E7A4F7556}") = "OrleanSpaces.Analyzers.Tests", "src\OrleanSpaces.Analyzers\OrleanSpaces.Analyzers.Test\OrleanSpaces.Analyzers.Tests.csproj", "{4B8CC85F-1B98-4519-A425-290833C3CB66}"
EndProject
Project("{9A19103F-16F7-4668-BE54-9A1E7A4F7556}") = "OrleanSpaces.Analyzers.Vsix", "src\OrleanSpaces.Analyzers\OrleanSpaces.Analyzers.Vsix\OrleanSpaces.Analyzers.Vsix.csproj", "{9EDAF42B-F4C8-4867-BC8E-56C8731EA6BE}"
EndProject
Project("{2150E333-8FDC-42A3-9474-1A3956D46DE8}") = "Analyzers", "Analyzers", "{8E4E25A5-006C-4D95-82E6-55853485017F}"
EndProject
Global
	GlobalSection(SolutionConfigurationPlatforms) = preSolution
		Debug|Any CPU = Debug|Any CPU
		Release|Any CPU = Release|Any CPU
	EndGlobalSection
	GlobalSection(ProjectConfigurationPlatforms) = postSolution
		{9CB8F7F8-68D5-40CF-8F98-54B78BD5E3F8}.Debug|Any CPU.ActiveCfg = Debug|Any CPU
		{9CB8F7F8-68D5-40CF-8F98-54B78BD5E3F8}.Debug|Any CPU.Build.0 = Debug|Any CPU
		{9CB8F7F8-68D5-40CF-8F98-54B78BD5E3F8}.Release|Any CPU.ActiveCfg = Release|Any CPU
		{9CB8F7F8-68D5-40CF-8F98-54B78BD5E3F8}.Release|Any CPU.Build.0 = Release|Any CPU
		{9E47A1E0-67A1-4EF1-9DDF-19C2B08FEB56}.Debug|Any CPU.ActiveCfg = Debug|Any CPU
		{9E47A1E0-67A1-4EF1-9DDF-19C2B08FEB56}.Debug|Any CPU.Build.0 = Debug|Any CPU
		{9E47A1E0-67A1-4EF1-9DDF-19C2B08FEB56}.Release|Any CPU.ActiveCfg = Release|Any CPU
		{9E47A1E0-67A1-4EF1-9DDF-19C2B08FEB56}.Release|Any CPU.Build.0 = Release|Any CPU
		{0CC954D0-3C54-4F1D-BD1D-8E69A41AC1BF}.Debug|Any CPU.ActiveCfg = Debug|Any CPU
		{0CC954D0-3C54-4F1D-BD1D-8E69A41AC1BF}.Debug|Any CPU.Build.0 = Debug|Any CPU
		{0CC954D0-3C54-4F1D-BD1D-8E69A41AC1BF}.Release|Any CPU.ActiveCfg = Release|Any CPU
		{0CC954D0-3C54-4F1D-BD1D-8E69A41AC1BF}.Release|Any CPU.Build.0 = Release|Any CPU
		{C58E00F2-0847-4A25-8902-71BB2013CAE1}.Debug|Any CPU.ActiveCfg = Debug|Any CPU
		{C58E00F2-0847-4A25-8902-71BB2013CAE1}.Debug|Any CPU.Build.0 = Debug|Any CPU
		{C58E00F2-0847-4A25-8902-71BB2013CAE1}.Release|Any CPU.ActiveCfg = Release|Any CPU
		{C58E00F2-0847-4A25-8902-71BB2013CAE1}.Release|Any CPU.Build.0 = Release|Any CPU
		{0DFDFFB5-DF8F-45D2-934E-0FF4C31106EC}.Debug|Any CPU.ActiveCfg = Debug|Any CPU
		{0DFDFFB5-DF8F-45D2-934E-0FF4C31106EC}.Debug|Any CPU.Build.0 = Debug|Any CPU
		{0DFDFFB5-DF8F-45D2-934E-0FF4C31106EC}.Release|Any CPU.ActiveCfg = Release|Any CPU
		{0DFDFFB5-DF8F-45D2-934E-0FF4C31106EC}.Release|Any CPU.Build.0 = Release|Any CPU
		{38F07834-554A-41F1-B3A1-5F2B9FB73642}.Debug|Any CPU.ActiveCfg = Debug|Any CPU
		{38F07834-554A-41F1-B3A1-5F2B9FB73642}.Debug|Any CPU.Build.0 = Debug|Any CPU
		{38F07834-554A-41F1-B3A1-5F2B9FB73642}.Release|Any CPU.ActiveCfg = Release|Any CPU
		{38F07834-554A-41F1-B3A1-5F2B9FB73642}.Release|Any CPU.Build.0 = Release|Any CPU
		{2F3FB981-200A-4753-8505-041C4889D615}.Debug|Any CPU.ActiveCfg = Debug|Any CPU
		{2F3FB981-200A-4753-8505-041C4889D615}.Debug|Any CPU.Build.0 = Debug|Any CPU
		{2F3FB981-200A-4753-8505-041C4889D615}.Release|Any CPU.ActiveCfg = Release|Any CPU
		{2F3FB981-200A-4753-8505-041C4889D615}.Release|Any CPU.Build.0 = Release|Any CPU
		{81857225-06BA-4144-B41B-11CEC16990AB}.Debug|Any CPU.ActiveCfg = Debug|Any CPU
		{81857225-06BA-4144-B41B-11CEC16990AB}.Debug|Any CPU.Build.0 = Debug|Any CPU
		{81857225-06BA-4144-B41B-11CEC16990AB}.Release|Any CPU.ActiveCfg = Release|Any CPU
		{81857225-06BA-4144-B41B-11CEC16990AB}.Release|Any CPU.Build.0 = Release|Any CPU
		{156D2628-1682-42A8-BFDB-8743A8EFCF81}.Debug|Any CPU.ActiveCfg = Debug|Any CPU
		{156D2628-1682-42A8-BFDB-8743A8EFCF81}.Debug|Any CPU.Build.0 = Debug|Any CPU
		{156D2628-1682-42A8-BFDB-8743A8EFCF81}.Release|Any CPU.ActiveCfg = Release|Any CPU
		{156D2628-1682-42A8-BFDB-8743A8EFCF81}.Release|Any CPU.Build.0 = Release|Any CPU
		{B66F5329-4474-4466-9737-E2A33FDF7304}.Debug|Any CPU.ActiveCfg = Debug|Any CPU
		{B66F5329-4474-4466-9737-E2A33FDF7304}.Debug|Any CPU.Build.0 = Debug|Any CPU
		{B66F5329-4474-4466-9737-E2A33FDF7304}.Release|Any CPU.ActiveCfg = Release|Any CPU
		{B66F5329-4474-4466-9737-E2A33FDF7304}.Release|Any CPU.Build.0 = Release|Any CPU
		{7053BBC6-D157-4D7F-A648-60FA37C1D028}.Debug|Any CPU.ActiveCfg = Debug|Any CPU
		{7053BBC6-D157-4D7F-A648-60FA37C1D028}.Debug|Any CPU.Build.0 = Debug|Any CPU
		{7053BBC6-D157-4D7F-A648-60FA37C1D028}.Release|Any CPU.ActiveCfg = Release|Any CPU
		{7053BBC6-D157-4D7F-A648-60FA37C1D028}.Release|Any CPU.Build.0 = Release|Any CPU
		{0AD51A36-4BF9-4BB6-BF92-F8F8077BB088}.Debug|Any CPU.ActiveCfg = Debug|Any CPU
		{0AD51A36-4BF9-4BB6-BF92-F8F8077BB088}.Debug|Any CPU.Build.0 = Debug|Any CPU
		{0AD51A36-4BF9-4BB6-BF92-F8F8077BB088}.Release|Any CPU.ActiveCfg = Release|Any CPU
		{0AD51A36-4BF9-4BB6-BF92-F8F8077BB088}.Release|Any CPU.Build.0 = Release|Any CPU
		{C0246550-6E0A-461E-977D-728CC9ACFEA9}.Debug|Any CPU.ActiveCfg = Debug|Any CPU
		{C0246550-6E0A-461E-977D-728CC9ACFEA9}.Debug|Any CPU.Build.0 = Debug|Any CPU
		{C0246550-6E0A-461E-977D-728CC9ACFEA9}.Release|Any CPU.ActiveCfg = Release|Any CPU
		{C0246550-6E0A-461E-977D-728CC9ACFEA9}.Release|Any CPU.Build.0 = Release|Any CPU
		{921503BF-E588-4246-AF08-681D0EFF3699}.Debug|Any CPU.ActiveCfg = Debug|Any CPU
		{921503BF-E588-4246-AF08-681D0EFF3699}.Debug|Any CPU.Build.0 = Debug|Any CPU
		{921503BF-E588-4246-AF08-681D0EFF3699}.Release|Any CPU.ActiveCfg = Release|Any CPU
		{921503BF-E588-4246-AF08-681D0EFF3699}.Release|Any CPU.Build.0 = Release|Any CPU
		{D2ACF8D9-1161-4FA0-A238-DE7DDF48144A}.Debug|Any CPU.ActiveCfg = Debug|Any CPU
		{D2ACF8D9-1161-4FA0-A238-DE7DDF48144A}.Debug|Any CPU.Build.0 = Debug|Any CPU
		{D2ACF8D9-1161-4FA0-A238-DE7DDF48144A}.Release|Any CPU.ActiveCfg = Release|Any CPU
		{D2ACF8D9-1161-4FA0-A238-DE7DDF48144A}.Release|Any CPU.Build.0 = Release|Any CPU
		{4B8CC85F-1B98-4519-A425-290833C3CB66}.Debug|Any CPU.ActiveCfg = Debug|Any CPU
		{4B8CC85F-1B98-4519-A425-290833C3CB66}.Debug|Any CPU.Build.0 = Debug|Any CPU
		{4B8CC85F-1B98-4519-A425-290833C3CB66}.Release|Any CPU.ActiveCfg = Release|Any CPU
		{4B8CC85F-1B98-4519-A425-290833C3CB66}.Release|Any CPU.Build.0 = Release|Any CPU
		{9EDAF42B-F4C8-4867-BC8E-56C8731EA6BE}.Debug|Any CPU.ActiveCfg = Debug|Any CPU
		{9EDAF42B-F4C8-4867-BC8E-56C8731EA6BE}.Debug|Any CPU.Build.0 = Debug|Any CPU
		{9EDAF42B-F4C8-4867-BC8E-56C8731EA6BE}.Release|Any CPU.ActiveCfg = Release|Any CPU
		{9EDAF42B-F4C8-4867-BC8E-56C8731EA6BE}.Release|Any CPU.Build.0 = Release|Any CPU
	EndGlobalSection
	GlobalSection(SolutionProperties) = preSolution
		HideSolutionNode = FALSE
	EndGlobalSection
	GlobalSection(NestedProjects) = preSolution
		{9CB8F7F8-68D5-40CF-8F98-54B78BD5E3F8} = {394CDEE8-75B5-4F58-80C8-3BDF65EF0C73}
		{9E47A1E0-67A1-4EF1-9DDF-19C2B08FEB56} = {AF427224-A96F-4488-A34C-3DDC76C56A16}
		{AEA12275-4AE1-48DC-B546-CE44470D5C59} = {AF427224-A96F-4488-A34C-3DDC76C56A16}
		{EF458F06-3F02-4256-A17C-4E0151DEC393} = {AF427224-A96F-4488-A34C-3DDC76C56A16}
		{0CC954D0-3C54-4F1D-BD1D-8E69A41AC1BF} = {AEA12275-4AE1-48DC-B546-CE44470D5C59}
		{C58E00F2-0847-4A25-8902-71BB2013CAE1} = {EF458F06-3F02-4256-A17C-4E0151DEC393}
		{EFFB4115-D3FC-4D59-8DF9-0E7D7F43FE7E} = {AF427224-A96F-4488-A34C-3DDC76C56A16}
		{117D44FA-814C-4F6B-A134-D947B68299DB} = {AF427224-A96F-4488-A34C-3DDC76C56A16}
		{0DFDFFB5-DF8F-45D2-934E-0FF4C31106EC} = {117D44FA-814C-4F6B-A134-D947B68299DB}
		{2F3FB58F-A641-4101-A01A-E583E82D5E43} = {AF427224-A96F-4488-A34C-3DDC76C56A16}
		{38F07834-554A-41F1-B3A1-5F2B9FB73642} = {2F3FB58F-A641-4101-A01A-E583E82D5E43}
		{2F3FB981-200A-4753-8505-041C4889D615} = {2F3FB58F-A641-4101-A01A-E583E82D5E43}
		{81857225-06BA-4144-B41B-11CEC16990AB} = {2F3FB58F-A641-4101-A01A-E583E82D5E43}
		{156D2628-1682-42A8-BFDB-8743A8EFCF81} = {EFFB4115-D3FC-4D59-8DF9-0E7D7F43FE7E}
		{B66F5329-4474-4466-9737-E2A33FDF7304} = {394CDEE8-75B5-4F58-80C8-3BDF65EF0C73}
		{7053BBC6-D157-4D7F-A648-60FA37C1D028} = {394CDEE8-75B5-4F58-80C8-3BDF65EF0C73}
		{6586D390-BD38-44A9-9A37-5B634EFFDEDA} = {AF427224-A96F-4488-A34C-3DDC76C56A16}
		{0AD51A36-4BF9-4BB6-BF92-F8F8077BB088} = {6586D390-BD38-44A9-9A37-5B634EFFDEDA}
		{C0246550-6E0A-461E-977D-728CC9ACFEA9} = {8E4E25A5-006C-4D95-82E6-55853485017F}
		{921503BF-E588-4246-AF08-681D0EFF3699} = {8E4E25A5-006C-4D95-82E6-55853485017F}
		{D2ACF8D9-1161-4FA0-A238-DE7DDF48144A} = {8E4E25A5-006C-4D95-82E6-55853485017F}
		{4B8CC85F-1B98-4519-A425-290833C3CB66} = {8E4E25A5-006C-4D95-82E6-55853485017F}
		{9EDAF42B-F4C8-4867-BC8E-56C8731EA6BE} = {8E4E25A5-006C-4D95-82E6-55853485017F}
		{8E4E25A5-006C-4D95-82E6-55853485017F} = {394CDEE8-75B5-4F58-80C8-3BDF65EF0C73}
	EndGlobalSection
	GlobalSection(ExtensibilityGlobals) = postSolution
		SolutionGuid = {51F3D785-6674-42F7-A966-ECE43A673279}
	EndGlobalSection
EndGlobal
