
Microsoft Visual Studio Solution File, Format Version 12.00
# Visual Studio Version 17
VisualStudioVersion = 17.3.32804.467
MinimumVisualStudioVersion = 10.0.40219.1
Project("{2150E333-8FDC-42A3-9474-1A3956D46DE8}") = "src", "src", "{394CDEE8-75B5-4F58-80C8-3BDF65EF0C73}"
EndProject
Project("{2150E333-8FDC-42A3-9474-1A3956D46DE8}") = "test", "test", "{EEC5754E-3931-495A-80C2-4F8AF04CD746}"
EndProject
Project("{2150E333-8FDC-42A3-9474-1A3956D46DE8}") = "samples", "samples", "{AF427224-A96F-4488-A34C-3DDC76C56A16}"
EndProject
Project("{2150E333-8FDC-42A3-9474-1A3956D46DE8}") = "assets", "assets", "{E7BCCEB9-1BC8-4E54-ACD2-E92159039B2B}"
	ProjectSection(SolutionItems) = preProject
		assets\OrleansLogo.png = assets\OrleansLogo.png
	EndProjectSection
EndProject
Project("{9A19103F-16F7-4668-BE54-9A1E7A4F7556}") = "OrleanSpaces", "src\OrleanSpaces\OrleanSpaces.csproj", "{9CB8F7F8-68D5-40CF-8F98-54B78BD5E3F8}"
EndProject
Project("{9A19103F-16F7-4668-BE54-9A1E7A4F7556}") = "OrleanSpaces.Tests", "test\OrleanSpaces.Tests\OrleanSpaces.Tests.csproj", "{66DB980E-AF81-45EB-9C78-9FDAF1726578}"
EndProject
Project("{9A19103F-16F7-4668-BE54-9A1E7A4F7556}") = "SpaceHost", "samples\SpaceHost\SpaceHost.csproj", "{9E47A1E0-67A1-4EF1-9DDF-19C2B08FEB56}"
EndProject
Project("{2150E333-8FDC-42A3-9474-1A3956D46DE8}") = "01_TupleSyntax", "01_TupleSyntax", "{AEA12275-4AE1-48DC-B546-CE44470D5C59}"
EndProject
Project("{2150E333-8FDC-42A3-9474-1A3956D46DE8}") = "02_HelloWorld", "02_HelloWorld", "{EF458F06-3F02-4256-A17C-4E0151DEC393}"
EndProject
Project("{9A19103F-16F7-4668-BE54-9A1E7A4F7556}") = "TupleSyntax", "samples\01_TupleSyntax\TupleSyntax.csproj", "{0CC954D0-3C54-4F1D-BD1D-8E69A41AC1BF}"
EndProject
Project("{9A19103F-16F7-4668-BE54-9A1E7A4F7556}") = "HelloWorld", "samples\02_HelloWorld\HelloWorld.csproj", "{C58E00F2-0847-4A25-8902-71BB2013CAE1}"
EndProject
Project("{2150E333-8FDC-42A3-9474-1A3956D46DE8}") = "04_Observer", "04_Observer", "{EFFB4115-D3FC-4D59-8DF9-0E7D7F43FE7E}"
EndProject
Project("{2150E333-8FDC-42A3-9474-1A3956D46DE8}") = "03_Concurrency", "03_Concurrency", "{31490680-3010-41B5-8F73-6B2938A03093}"
EndProject
Project("{9A19103F-16F7-4668-BE54-9A1E7A4F7556}") = "Concurrency", "samples\03_Concurrency\Concurrency.csproj", "{4B67FF4A-484C-45EA-9474-0B0115C42862}"
EndProject
Project("{9A19103F-16F7-4668-BE54-9A1E7A4F7556}") = "Observer", "samples\04_Observer\Observer.csproj", "{4263918A-D5F1-40AA-901C-DBF5F7BBE052}"
EndProject
Global
	GlobalSection(SolutionConfigurationPlatforms) = preSolution
		Debug|Any CPU = Debug|Any CPU
		Release|Any CPU = Release|Any CPU
	EndGlobalSection
	GlobalSection(ProjectConfigurationPlatforms) = postSolution
		{9CB8F7F8-68D5-40CF-8F98-54B78BD5E3F8}.Debug|Any CPU.ActiveCfg = Debug|Any CPU
		{9CB8F7F8-68D5-40CF-8F98-54B78BD5E3F8}.Debug|Any CPU.Build.0 = Debug|Any CPU
		{9CB8F7F8-68D5-40CF-8F98-54B78BD5E3F8}.Release|Any CPU.ActiveCfg = Release|Any CPU
		{9CB8F7F8-68D5-40CF-8F98-54B78BD5E3F8}.Release|Any CPU.Build.0 = Release|Any CPU
		{66DB980E-AF81-45EB-9C78-9FDAF1726578}.Debug|Any CPU.ActiveCfg = Debug|Any CPU
		{66DB980E-AF81-45EB-9C78-9FDAF1726578}.Debug|Any CPU.Build.0 = Debug|Any CPU
		{66DB980E-AF81-45EB-9C78-9FDAF1726578}.Release|Any CPU.ActiveCfg = Release|Any CPU
		{66DB980E-AF81-45EB-9C78-9FDAF1726578}.Release|Any CPU.Build.0 = Release|Any CPU
		{9E47A1E0-67A1-4EF1-9DDF-19C2B08FEB56}.Debug|Any CPU.ActiveCfg = Debug|Any CPU
		{9E47A1E0-67A1-4EF1-9DDF-19C2B08FEB56}.Debug|Any CPU.Build.0 = Debug|Any CPU
		{9E47A1E0-67A1-4EF1-9DDF-19C2B08FEB56}.Release|Any CPU.ActiveCfg = Release|Any CPU
		{9E47A1E0-67A1-4EF1-9DDF-19C2B08FEB56}.Release|Any CPU.Build.0 = Release|Any CPU
		{0CC954D0-3C54-4F1D-BD1D-8E69A41AC1BF}.Debug|Any CPU.ActiveCfg = Debug|Any CPU
		{0CC954D0-3C54-4F1D-BD1D-8E69A41AC1BF}.Debug|Any CPU.Build.0 = Debug|Any CPU
		{0CC954D0-3C54-4F1D-BD1D-8E69A41AC1BF}.Release|Any CPU.ActiveCfg = Release|Any CPU
		{0CC954D0-3C54-4F1D-BD1D-8E69A41AC1BF}.Release|Any CPU.Build.0 = Release|Any CPU
		{C58E00F2-0847-4A25-8902-71BB2013CAE1}.Debug|Any CPU.ActiveCfg = Debug|Any CPU
		{C58E00F2-0847-4A25-8902-71BB2013CAE1}.Debug|Any CPU.Build.0 = Debug|Any CPU
		{C58E00F2-0847-4A25-8902-71BB2013CAE1}.Release|Any CPU.ActiveCfg = Release|Any CPU
		{C58E00F2-0847-4A25-8902-71BB2013CAE1}.Release|Any CPU.Build.0 = Release|Any CPU
		{4B67FF4A-484C-45EA-9474-0B0115C42862}.Debug|Any CPU.ActiveCfg = Debug|Any CPU
		{4B67FF4A-484C-45EA-9474-0B0115C42862}.Debug|Any CPU.Build.0 = Debug|Any CPU
		{4B67FF4A-484C-45EA-9474-0B0115C42862}.Release|Any CPU.ActiveCfg = Release|Any CPU
		{4B67FF4A-484C-45EA-9474-0B0115C42862}.Release|Any CPU.Build.0 = Release|Any CPU
		{4263918A-D5F1-40AA-901C-DBF5F7BBE052}.Debug|Any CPU.ActiveCfg = Debug|Any CPU
		{4263918A-D5F1-40AA-901C-DBF5F7BBE052}.Debug|Any CPU.Build.0 = Debug|Any CPU
		{4263918A-D5F1-40AA-901C-DBF5F7BBE052}.Release|Any CPU.ActiveCfg = Release|Any CPU
		{4263918A-D5F1-40AA-901C-DBF5F7BBE052}.Release|Any CPU.Build.0 = Release|Any CPU
	EndGlobalSection
	GlobalSection(SolutionProperties) = preSolution
		HideSolutionNode = FALSE
	EndGlobalSection
	GlobalSection(NestedProjects) = preSolution
		{9CB8F7F8-68D5-40CF-8F98-54B78BD5E3F8} = {394CDEE8-75B5-4F58-80C8-3BDF65EF0C73}
		{66DB980E-AF81-45EB-9C78-9FDAF1726578} = {EEC5754E-3931-495A-80C2-4F8AF04CD746}
		{9E47A1E0-67A1-4EF1-9DDF-19C2B08FEB56} = {AF427224-A96F-4488-A34C-3DDC76C56A16}
		{AEA12275-4AE1-48DC-B546-CE44470D5C59} = {AF427224-A96F-4488-A34C-3DDC76C56A16}
		{EF458F06-3F02-4256-A17C-4E0151DEC393} = {AF427224-A96F-4488-A34C-3DDC76C56A16}
		{0CC954D0-3C54-4F1D-BD1D-8E69A41AC1BF} = {AEA12275-4AE1-48DC-B546-CE44470D5C59}
		{C58E00F2-0847-4A25-8902-71BB2013CAE1} = {EF458F06-3F02-4256-A17C-4E0151DEC393}
		{EFFB4115-D3FC-4D59-8DF9-0E7D7F43FE7E} = {AF427224-A96F-4488-A34C-3DDC76C56A16}
		{31490680-3010-41B5-8F73-6B2938A03093} = {AF427224-A96F-4488-A34C-3DDC76C56A16}
		{4B67FF4A-484C-45EA-9474-0B0115C42862} = {31490680-3010-41B5-8F73-6B2938A03093}
		{4263918A-D5F1-40AA-901C-DBF5F7BBE052} = {EFFB4115-D3FC-4D59-8DF9-0E7D7F43FE7E}
	EndGlobalSection
	GlobalSection(ExtensibilityGlobals) = postSolution
		SolutionGuid = {51F3D785-6674-42F7-A966-ECE43A673279}
	EndGlobalSection
EndGlobal
